
Microsoft Visual Studio Solution File, Format Version 12.00
# Visual Studio 15
VisualStudioVersion = 15.0.27004.2008
MinimumVisualStudioVersion = 10.0.40219.1
Project("{8BC9CEB8-8B4A-11D0-8D11-00A0C91BC942}") = "BST ASCII Visualization", "BST ASCII Visualization\BST ASCII Visualization.vcxproj", "{99A0A558-8E0C-414C-9207-6E76E3C161B9}"
EndProject
Global
	GlobalSection(SolutionConfigurationPlatforms) = preSolution
		Debug|x64 = Debug|x64
		Debug|x86 = Debug|x86
		Release|x64 = Release|x64
		Release|x86 = Release|x86
	EndGlobalSection
	GlobalSection(ProjectConfigurationPlatforms) = postSolution
		{99A0A558-8E0C-414C-9207-6E76E3C161B9}.Debug|x64.ActiveCfg = Debug|x64
		{99A0A558-8E0C-414C-9207-6E76E3C161B9}.Debug|x64.Build.0 = Debug|x64
		{99A0A558-8E0C-414C-9207-6E76E3C161B9}.Debug|x86.ActiveCfg = Debug|Win32
		{99A0A558-8E0C-414C-9207-6E76E3C161B9}.Debug|x86.Build.0 = Debug|Win32
		{99A0A558-8E0C-414C-9207-6E76E3C161B9}.Release|x64.ActiveCfg = Release|x64
		{99A0A558-8E0C-414C-9207-6E76E3C161B9}.Release|x64.Build.0 = Release|x64
		{99A0A558-8E0C-414C-9207-6E76E3C161B9}.Release|x86.ActiveCfg = Release|Win32
		{99A0A558-8E0C-414C-9207-6E76E3C161B9}.Release|x86.Build.0 = Release|Win32
	EndGlobalSection
	GlobalSection(SolutionProperties) = preSolution
		HideSolutionNode = FALSE
	EndGlobalSection
	GlobalSection(ExtensibilityGlobals) = postSolution
		SolutionGuid = {F4619FFB-7973-492B-9686-951170CB0C67}
	EndGlobalSection
EndGlobal
